{
  "name": "sudoku-type-solver",
  "version": "1.0.0",
  "lockfileVersion": 1,
  "requires": true,
  "dependencies": {
    "typescript": {
      "version": "4.1.1-rc",
      "resolved": "https://registry.npmjs.org/typescript/-/typescript-4.1.1-rc.tgz",
      "integrity": "sha512-tgNcFrLIjlaMWEc7bKC0bxLNIt8BIAauY/HLUOQDyTP75HGskETtXOt46x4EKAHRKhWVLMc7yM02puTHa/yhCA==",
      "dev": true
    }
  }
}
